
Microsoft Visual Studio Solution File, Format Version 12.00
# Visual Studio 14
VisualStudioVersion = 14.0.25420.1
MinimumVisualStudioVersion = 10.0.40219.1
Project("{FAE04EC0-301F-11D3-BF4B-00C04F79EFBC}") = "HowTo.IntegratedTests", "HowTo.IntegratedTests\HowTo.IntegratedTests.csproj", "{4B31CFDF-FE21-4ACE-A6EF-FD0793DD01B1}"
EndProject
Project("{FAE04EC0-301F-11D3-BF4B-00C04F79EFBC}") = "HowShop.Core", "HowShop.Core\HowShop.Core.csproj", "{0AB4A244-F858-4347-B87C-3EB7B927D656}"
EndProject
Project("{FAE04EC0-301F-11D3-BF4B-00C04F79EFBC}") = "HowShop.Web", "HowShop.Web\HowShop.Web.csproj", "{0D5F6F78-5811-42BF-B14D-75792B11183C}"
EndProject
Project("{FAE04EC0-301F-11D3-BF4B-00C04F79EFBC}") = "SolidR.TestFx", "SolidR.TestFx\SolidR.TestFx.csproj", "{08CE14CC-499B-4BB5-A6F7-DC7C2F112209}"
EndProject
Project("{2150E333-8FDC-42A3-9474-1A3956D46DE8}") = "Framework", "Framework", "{445829CA-1E4E-4F68-892F-49C521243917}"
EndProject
Project("{2150E333-8FDC-42A3-9474-1A3956D46DE8}") = "Example", "Example", "{3807B846-B915-4563-9BDA-0911698F73A0}"
EndProject
Project("{2150E333-8FDC-42A3-9474-1A3956D46DE8}") = "Solution Items", "Solution Items", "{9E1F6E5D-F1F6-407C-88CF-9CFE50B40FFD}"
	ProjectSection(SolutionItems) = preProject
		Features.txt = Features.txt
		..\build.cake = ..\build.cake
		Todo.txt = Todo.txt
	EndProjectSection
EndProject
Project("{FAE04EC0-301F-11D3-BF4B-00C04F79EFBC}") = "SolidR.Core", "SolidR.Core\SolidR.Core.csproj", "{7B75619A-928B-401D-B6CE-0B9660B23AA7}"
EndProject
Project("{FAE04EC0-301F-11D3-BF4B-00C04F79EFBC}") = "SolidR", "SolidR\SolidR.csproj", "{8B66E3EA-078C-481E-A9B0-C971113505BA}"
EndProject
Global
	GlobalSection(SolutionConfigurationPlatforms) = preSolution
		Debug|Any CPU = Debug|Any CPU
		Release|Any CPU = Release|Any CPU
	EndGlobalSection
	GlobalSection(ProjectConfigurationPlatforms) = postSolution
		{4B31CFDF-FE21-4ACE-A6EF-FD0793DD01B1}.Debug|Any CPU.ActiveCfg = Debug|Any CPU
		{4B31CFDF-FE21-4ACE-A6EF-FD0793DD01B1}.Debug|Any CPU.Build.0 = Debug|Any CPU
		{4B31CFDF-FE21-4ACE-A6EF-FD0793DD01B1}.Release|Any CPU.ActiveCfg = Release|Any CPU
		{4B31CFDF-FE21-4ACE-A6EF-FD0793DD01B1}.Release|Any CPU.Build.0 = Release|Any CPU
		{0AB4A244-F858-4347-B87C-3EB7B927D656}.Debug|Any CPU.ActiveCfg = Debug|Any CPU
		{0AB4A244-F858-4347-B87C-3EB7B927D656}.Debug|Any CPU.Build.0 = Debug|Any CPU
		{0AB4A244-F858-4347-B87C-3EB7B927D656}.Release|Any CPU.ActiveCfg = Release|Any CPU
		{0AB4A244-F858-4347-B87C-3EB7B927D656}.Release|Any CPU.Build.0 = Release|Any CPU
		{0D5F6F78-5811-42BF-B14D-75792B11183C}.Debug|Any CPU.ActiveCfg = Debug|Any CPU
		{0D5F6F78-5811-42BF-B14D-75792B11183C}.Debug|Any CPU.Build.0 = Debug|Any CPU
		{0D5F6F78-5811-42BF-B14D-75792B11183C}.Release|Any CPU.ActiveCfg = Release|Any CPU
		{0D5F6F78-5811-42BF-B14D-75792B11183C}.Release|Any CPU.Build.0 = Release|Any CPU
		{08CE14CC-499B-4BB5-A6F7-DC7C2F112209}.Debug|Any CPU.ActiveCfg = Debug|Any CPU
		{08CE14CC-499B-4BB5-A6F7-DC7C2F112209}.Debug|Any CPU.Build.0 = Debug|Any CPU
		{08CE14CC-499B-4BB5-A6F7-DC7C2F112209}.Release|Any CPU.ActiveCfg = Release|Any CPU
		{08CE14CC-499B-4BB5-A6F7-DC7C2F112209}.Release|Any CPU.Build.0 = Release|Any CPU
		{7B75619A-928B-401D-B6CE-0B9660B23AA7}.Debug|Any CPU.ActiveCfg = Debug|Any CPU
		{7B75619A-928B-401D-B6CE-0B9660B23AA7}.Debug|Any CPU.Build.0 = Debug|Any CPU
		{7B75619A-928B-401D-B6CE-0B9660B23AA7}.Release|Any CPU.ActiveCfg = Release|Any CPU
		{7B75619A-928B-401D-B6CE-0B9660B23AA7}.Release|Any CPU.Build.0 = Release|Any CPU
		{8B66E3EA-078C-481E-A9B0-C971113505BA}.Debug|Any CPU.ActiveCfg = Debug|Any CPU
		{8B66E3EA-078C-481E-A9B0-C971113505BA}.Debug|Any CPU.Build.0 = Debug|Any CPU
		{8B66E3EA-078C-481E-A9B0-C971113505BA}.Release|Any CPU.ActiveCfg = Release|Any CPU
		{8B66E3EA-078C-481E-A9B0-C971113505BA}.Release|Any CPU.Build.0 = Release|Any CPU
	EndGlobalSection
	GlobalSection(SolutionProperties) = preSolution
		HideSolutionNode = FALSE
	EndGlobalSection
	GlobalSection(NestedProjects) = preSolution
		{0AB4A244-F858-4347-B87C-3EB7B927D656} = {3807B846-B915-4563-9BDA-0911698F73A0}
		{0D5F6F78-5811-42BF-B14D-75792B11183C} = {3807B846-B915-4563-9BDA-0911698F73A0}
		{08CE14CC-499B-4BB5-A6F7-DC7C2F112209} = {445829CA-1E4E-4F68-892F-49C521243917}
		{7B75619A-928B-401D-B6CE-0B9660B23AA7} = {445829CA-1E4E-4F68-892F-49C521243917}
		{8B66E3EA-078C-481E-A9B0-C971113505BA} = {445829CA-1E4E-4F68-892F-49C521243917}
	EndGlobalSection
EndGlobal
